
Microsoft Visual Studio Solution File, Format Version 12.00
# Visual Studio Version 17
VisualStudioVersion = 17.5.002.0
MinimumVisualStudioVersion = 10.0.40219.1
Project("{9A19103F-16F7-4668-BE54-9A1E7A4F7556}") = "TestingShort", "TestingShort.csproj", "{84F3CFA3-2AA4-44DE-95AC-2993B26709B9}"
EndProject
Global
	GlobalSection(SolutionConfigurationPlatforms) = preSolution
		Debug|Any CPU = Debug|Any CPU
		Release|Any CPU = Release|Any CPU
	EndGlobalSection
	GlobalSection(ProjectConfigurationPlatforms) = postSolution
		{84F3CFA3-2AA4-44DE-95AC-2993B26709B9}.Debug|Any CPU.ActiveCfg = Debug|Any CPU
		{84F3CFA3-2AA4-44DE-95AC-2993B26709B9}.Debug|Any CPU.Build.0 = Debug|Any CPU
		{84F3CFA3-2AA4-44DE-95AC-2993B26709B9}.Release|Any CPU.ActiveCfg = Release|Any CPU
		{84F3CFA3-2AA4-44DE-95AC-2993B26709B9}.Release|Any CPU.Build.0 = Release|Any CPU
	EndGlobalSection
	GlobalSection(SolutionProperties) = preSolution
		HideSolutionNode = FALSE
	EndGlobalSection
	GlobalSection(ExtensibilityGlobals) = postSolution
		SolutionGuid = {C9A0DF79-FFBE-4FF6-B309-D7CB3874D8CB}
	EndGlobalSection
EndGlobal
